// !$*UTF8*$!
{
	archiveVersion = 1;
	classes = {
	};
	objectVersion = 46;
	objects = {

/* Begin PBXBuildFile section */
		7927E6E81D3C75F6004360FF /* XWDebugger.h in CopyFiles */ = {isa = PBXBuildFile; fileRef = 7927E6E71D3C75F6004360FF /* XWDebugger.h */; };
		7927E6EA1D3C75F6004360FF /* XWDebugger.m in Sources */ = {isa = PBXBuildFile; fileRef = 7927E6E91D3C75F6004360FF /* XWDebugger.m */; };
/* End PBXBuildFile section */

/* Begin PBXCopyFilesBuildPhase section */
		7927E6E21D3C75F6004360FF /* CopyFiles */ = {
			isa = PBXCopyFilesBuildPhase;
			buildActionMask = 2147483647;
			dstPath = "include/$(PRODUCT_NAME)";
			dstSubfolderSpec = 16;
			files = (
				7927E6E81D3C75F6004360FF /* XWDebugger.h in CopyFiles */,
			);
			runOnlyForDeploymentPostprocessing = 0;
		};
/* End PBXCopyFilesBuildPhase section */

/* Begin PBXFileReference section */
		7927E6E41D3C75F6004360FF /* libXWDebugger.a */ = {isa = PBXFileReference; explicitFileType = archive.ar; includeInIndex = 0; path = libXWDebugger.a; sourceTree = BUILT_PRODUCTS_DIR; };
		7927E6E71D3C75F6004360FF /* XWDebugger.h */ = {isa = PBXFileReference; lastKnownFileType = sourcecode.c.h; path = XWDebugger.h; sourceTree = "<group>"; };
		7927E6E91D3C75F6004360FF /* XWDebugger.m */ = {isa = PBXFileReference; lastKnownFileType = sourcecode.c.objc; path = XWDebugger.m; sourceTree = "<group>"; };
/* End PBXFileReference section */

/* Begin PBXFrameworksBuildPhase section */
		7927E6E11D3C75F6004360FF /* Frameworks */ = {
			isa = PBXFrameworksBuildPhase;
			buildActionMask = 2147483647;
			files = (
			);
			runOnlyForDeploymentPostprocessing = 0;
		};
/* End PBXFrameworksBuildPhase section */

/* Begin PBXGroup section */
		7927E6DB1D3C75F6004360FF = {
			isa = PBXGroup;
			children = (
				7927E6E61D3C75F6004360FF /* XWDebugger */,
				7927E6E51D3C75F6004360FF /* Products */,
			);
			sourceTree = "<group>";
		};
		7927E6E51D3C75F6004360FF /* Products */ = {
			isa = PBXGroup;
			children = (
				7927E6E41D3C75F6004360FF /* libXWDebugger.a */,
			);
			name = Products;
			sourceTree = "<group>";
		};
		7927E6E61D3C75F6004360FF /* XWDebugger */ = {
			isa = PBXGroup;
			children = (
				7927E6E71D3C75F6004360FF /* XWDebugger.h */,
				7927E6E91D3C75F6004360FF /* XWDebugger.m */,
			);
			path = XWDebugger;
			sourceTree = "<group>";
		};
/* End PBXGroup section */

/* Begin PBXNativeTarget section */
		7927E6E31D3C75F6004360FF /* XWDebugger */ = {
			isa = PBXNativeTarget;
			buildConfigurationList = 7927E6ED1D3C75F6004360FF /* Build configuration list for PBXNativeTarget "XWDebugger" */;
			buildPhases = (
				7927E6E01D3C75F6004360FF /* Sources */,
				7927E6E11D3C75F6004360FF /* Frameworks */,
				7927E6E21D3C75F6004360FF /* CopyFiles */,
			);
			buildRules = (
			);
			dependencies = (
			);
			name = XWDebugger;
			productName = XWDebugger;
			productReference = 7927E6E41D3C75F6004360FF /* libXWDebugger.a */;
			productType = "com.apple.product-type.library.static";
		};
/* End PBXNativeTarget section */

/* Begin PBXProject section */
		7927E6DC1D3C75F6004360FF /* Project object */ = {
			isa = PBXProject;
			attributes = {
				LastUpgradeCheck = 0800;
				ORGANIZATIONNAME = atom;
				TargetAttributes = {
					7927E6E31D3C75F6004360FF = {
						CreatedOnToolsVersion = 8.0;
						ProvisioningStyle = Automatic;
					};
				};
			};
			buildConfigurationList = 7927E6DF1D3C75F6004360FF /* Build configuration list for PBXProject "XWDebugger" */;
			compatibilityVersion = "Xcode 3.2";
			developmentRegion = English;
			hasScannedForEncodings = 0;
			knownRegions = (
				en,
			);
			mainGroup = 7927E6DB1D3C75F6004360FF;
			productRefGroup = 7927E6E51D3C75F6004360FF /* Products */;
			projectDirPath = "";
			projectRoot = "";
			targets = (
				7927E6E31D3C75F6004360FF /* XWDebugger */,
			);
		};
/* End PBXProject section */

/* Begin PBXSourcesBuildPhase section */
		7927E6E01D3C75F6004360FF /* Sources */ = {
			isa = PBXSourcesBuildPhase;
			buildActionMask = 2147483647;
			files = (
				7927E6EA1D3C75F6004360FF /* XWDebugger.m in Sources */,
			);
			runOnlyForDeploymentPostprocessing = 0;
		};
/* End PBXSourcesBuildPhase section */

/* Begin XCBuildConfiguration section */
		7927E6EB1D3C75F6004360FF /* Debug */ = {
			isa = XCBuildConfiguration;
			buildSettings = {
				ALWAYS_SEARCH_USER_PATHS = NO;
				CLANG_ANALYZER_NONNULL = YES;
				CLANG_CXX_LANGUAGE_STANDARD = "gnu++0x";
				CLANG_CXX_LIBRARY = "libc++";
				CLANG_ENABLE_MODULES = YES;
				CLANG_ENABLE_OBJC_ARC = YES;
				CLANG_WARN_BOOL_CONVERSION = YES;
				CLANG_WARN_CONSTANT_CONVERSION = YES;
				CLANG_WARN_DIRECT_OBJC_ISA_USAGE = YES_ERROR;
				CLANG_WARN_DOCUMENTATION_COMMENTS = YES;
				CLANG_WARN_EMPTY_BODY = YES;
				CLANG_WARN_ENUM_CONVERSION = YES;
				CLANG_WARN_INT_CONVERSION = YES;
				CLANG_WARN_OBJC_ROOT_CLASS = YES_ERROR;
				CLANG_WARN_UNREACHABLE_CODE = YES;
				CLANG_WARN__DUPLICATE_METHOD_MATCH = YES;
				"CODE_SIGN_IDENTITY[sdk=iphoneos*]" = "iPhone Developer";
				COPY_PHASE_STRIP = NO;
				DEBUG_INFORMATION_FORMAT = dwarf;
				ENABLE_STRICT_OBJC_MSGSEND = YES;
				ENABLE_TESTABILITY = YES;
				GCC_C_LANGUAGE_STANDARD = gnu99;
				GCC_DYNAMIC_NO_PIC = NO;
				GCC_NO_COMMON_BLOCKS = YES;
				GCC_OPTIMIZATION_LEVEL = 0;
				GCC_PREPROCESSOR_DEFINITIONS = (
					"DEBUG=1",
					"$(inherited)",
				);
				GCC_WARN_64_TO_32_BIT_CONVERSION = YES;
				GCC_WARN_ABOUT_RETURN_TYPE = YES_ERROR;
				GCC_WARN_UNDECLARED_SELECTOR = YES;
				GCC_WARN_UNINITIALIZED_AUTOS = YES_AGGRESSIVE;
				GCC_WARN_UNUSED_FUNCTION = YES;
				GCC_WARN_UNUSED_VARIABLE = YES;
				IPHONEOS_DEPLOYMENT_TARGET = 10.0;
				MTL_ENABLE_DEBUG_INFO = YES;
				ONLY_ACTIVE_ARCH = YES;
				SDKROOT = iphoneos;
			};
			name = Debug;
		};
		7927E6EC1D3C75F6004360FF /* Release */ = {
			isa = XCBuildConfiguration;
			buildSettings = {
				ALWAYS_SEARCH_USER_PATHS = NO;
				CLANG_ANALYZER_NONNULL = YES;
				CLANG_CXX_LANGUAGE_STANDARD = "gnu++0x";
				CLANG_CXX_LIBRARY = "libc++";
				CLANG_ENABLE_MODULES = YES;
				CLANG_ENABLE_OBJC_ARC = YES;
				CLANG_WARN_BOOL_CONVERSION = YES;
				CLANG_WARN_CONSTANT_CONVERSION = YES;
				CLANG_WARN_DIRECT_OBJC_ISA_USAGE = YES_ERROR;
				CLANG_WARN_DOCUMENTATION_COMMENTS = YES;
				CLANG_WARN_EMPTY_BODY = YES;
				CLANG_WARN_ENUM_CONVERSION = YES;
				CLANG_WARN_INT_CONVERSION = YES;
				CLANG_WARN_OBJC_ROOT_CLASS = YES_ERROR;
				CLANG_WARN_UNREACHABLE_CODE = YES;
				CLANG_WARN__DUPLICATE_METHOD_MATCH = YES;
				"CODE_SIGN_IDENTITY[sdk=iphoneos*]" = "iPhone Developer";
				COPY_PHASE_STRIP = NO;
				DEBUG_INFORMATION_FORMAT = "dwarf-with-dsym";
				ENABLE_NS_ASSERTIONS = NO;
				ENABLE_STRICT_OBJC_MSGSEND = YES;
				GCC_C_LANGUAGE_STANDARD = gnu99;
				GCC_NO_COMMON_BLOCKS = YES;
				GCC_WARN_64_TO_32_BIT_CONVERSION = YES;
				GCC_WARN_ABOUT_RETURN_TYPE = YES_ERROR;
				GCC_WARN_UNDECLARED_SELECTOR = YES;
				GCC_WARN_UNINITIALIZED_AUTOS = YES_AGGRESSIVE;
				GCC_WARN_UNUSED_FUNCTION = YES;
				GCC_WARN_UNUSED_VARIABLE = YES;
				IPHONEOS_DEPLOYMENT_TARGET = 10.0;
				MTL_ENABLE_DEBUG_INFO = NO;
				SDKROOT = iphoneos;
				VALIDATE_PRODUCT = YES;
			};
			name = Release;
		};
		7927E6EE1D3C75F6004360FF /* Debug */ = {
			isa = XCBuildConfiguration;
			buildSettings = {
				OTHER_LDFLAGS = "-ObjC";
				PRODUCT_NAME = "$(TARGET_NAME)";
				SKIP_INSTALL = YES;
			};
			name = Debug;
		};
		7927E6EF1D3C75F6004360FF /* Release */ = {
			isa = XCBuildConfiguration;
			buildSettings = {
				OTHER_LDFLAGS = "-ObjC";
				PRODUCT_NAME = "$(TARGET_NAME)";
				SKIP_INSTALL = YES;
			};
			name = Release;
		};
/* End XCBuildConfiguration section */

/* Begin XCConfigurationList section */
		7927E6DF1D3C75F6004360FF /* Build configuration list for PBXProject "XWDebugger" */ = {
			isa = XCConfigurationList;
			buildConfigurations = (
				7927E6EB1D3C75F6004360FF /* Debug */,
				7927E6EC1D3C75F6004360FF /* Release */,
			);
			defaultConfigurationIsVisible = 0;
			defaultConfigurationName = Release;
		};
		7927E6ED1D3C75F6004360FF /* Build configuration list for PBXNativeTarget "XWDebugger" */ = {
			isa = XCConfigurationList;
			buildConfigurations = (
				7927E6EE1D3C75F6004360FF /* Debug */,
				7927E6EF1D3C75F6004360FF /* Release */,
			);
			defaultConfigurationIsVisible = 0;
		};
/* End XCConfigurationList section */
	};
	rootObject = 7927E6DC1D3C75F6004360FF /* Project object */;
}
